PODS:
  - common (1.0)
  - KMPNativeCoroutinesAsync (1.0.0-ALPHA-5):
    - KMPNativeCoroutinesCore (= 1.0.0-ALPHA-5)
  - KMPNativeCoroutinesCore (1.0.0-ALPHA-5)

DEPENDENCIES:
  - common (from `../../common`)
  - KMPNativeCoroutinesAsync (= 1.0.0-ALPHA-5)

SPEC REPOS:
  trunk:
    - KMPNativeCoroutinesAsync
    - KMPNativeCoroutinesCore

EXTERNAL SOURCES:
  common:
    :path: "../../common"

SPEC CHECKSUMS:
  common: d578ad83bf1a42ef02499fc38578b1bc16856e29
  KMPNativeCoroutinesAsync: 68068b8f4d5841cf136d52b618f981b5c273ef27
  KMPNativeCoroutinesCore: ac553bc11d77f385cdf78f32d56501a3d5d3eef8

PODFILE CHECKSUM: f8cfab0da6bfcc0766393cb57455b4887649b709

COCOAPODS: 1.11.3
