// !$*UTF8*$!
{
	archiveVersion = 1;
	classes = {
	};
	objectVersion = 54;
	objects = {

/* Begin PBXBuildFile section */
		1A0F7AE225C5C96F00EB34CF /* FantasyPremierLeagueApp.swift in Sources */ = {isa = PBXBuildFile; fileRef = 1A0F7AE125C5C96F00EB34CF /* FantasyPremierLeagueApp.swift */; };
		1A0F7AE425C5C96F00EB34CF /* ContentView.swift in Sources */ = {isa = PBXBuildFile; fileRef = 1A0F7AE325C5C96F00EB34CF /* ContentView.swift */; };
		1A0F7AE625C5C97000EB34CF /* Assets.xcassets in Resources */ = {isa = PBXBuildFile; fileRef = 1A0F7AE525C5C97000EB34CF /* Assets.xcassets */; };
		1A0F7AE925C5C97000EB34CF /* Preview Assets.xcassets in Resources */ = {isa = PBXBuildFile; fileRef = 1A0F7AE825C5C97000EB34CF /* Preview Assets.xcassets */; };
		1A1D2B32289EA235000149CC /* LeagueListView.swift in Sources */ = {isa = PBXBuildFile; fileRef = 1A1D2B31289EA235000149CC /* LeagueListView.swift */; };
		1A44FB462C062E7700813271 /* SharedViewModelStoreOwner.swift in Sources */ = {isa = PBXBuildFile; fileRef = 1A44FB452C062E7700813271 /* SharedViewModelStoreOwner.swift */; };
		1A45B23825CB3BBE00A8C613 /* PlayerListView.swift in Sources */ = {isa = PBXBuildFile; fileRef = 1A45B23725CB3BBE00A8C613 /* PlayerListView.swift */; };
		1A45B23B25CB3BF100A8C613 /* PlayerDetailsView.swift in Sources */ = {isa = PBXBuildFile; fileRef = 1A45B23A25CB3BF100A8C613 /* PlayerDetailsView.swift */; };
		1A45B23F25CB3C9C00A8C613 /* FixtureListView.swift in Sources */ = {isa = PBXBuildFile; fileRef = 1A45B23E25CB3C9C00A8C613 /* FixtureListView.swift */; };
		1A7222DD288C0F84004A34A8 /* AsyncAlgorithms in Frameworks */ = {isa = PBXBuildFile; productRef = 1A7222DC288C0F84004A34A8 /* AsyncAlgorithms */; };
		1AA7EE3E25D809D000B4DECB /* FixtureDetailView.swift in Sources */ = {isa = PBXBuildFile; fileRef = 1AA7EE3D25D809D000B4DECB /* FixtureDetailView.swift */; };
		1AD9A1232AA2692800B14FE3 /* CollectionConcurrencyKit in Frameworks */ = {isa = PBXBuildFile; productRef = 1AD9A1222AA2692800B14FE3 /* CollectionConcurrencyKit */; };
		1AD9A1252AA355F500B14FE3 /* SettingsView.swift in Sources */ = {isa = PBXBuildFile; fileRef = 1AD9A1242AA355F500B14FE3 /* SettingsView.swift */; };
/* End PBXBuildFile section */

/* Begin PBXFileReference section */
		1A0F7ADE25C5C96F00EB34CF /* FantasyPremierLeague.app */ = {isa = PBXFileReference; explicitFileType = wrapper.application; includeInIndex = 0; path = FantasyPremierLeague.app; sourceTree = BUILT_PRODUCTS_DIR; };
		1A0F7AE125C5C96F00EB34CF /* FantasyPremierLeagueApp.swift */ = {isa = PBXFileReference; lastKnownFileType = sourcecode.swift; path = FantasyPremierLeagueApp.swift; sourceTree = "<group>"; };
		1A0F7AE325C5C96F00EB34CF /* ContentView.swift */ = {isa = PBXFileReference; lastKnownFileType = sourcecode.swift; path = ContentView.swift; sourceTree = "<group>"; };
		1A0F7AE525C5C97000EB34CF /* Assets.xcassets */ = {isa = PBXFileReference; lastKnownFileType = folder.assetcatalog; path = Assets.xcassets; sourceTree = "<group>"; };
		1A0F7AE825C5C97000EB34CF /* Preview Assets.xcassets */ = {isa = PBXFileReference; lastKnownFileType = folder.assetcatalog; path = "Preview Assets.xcassets"; sourceTree = "<group>"; };
		1A0F7AEA25C5C97000EB34CF /* Info.plist */ = {isa = PBXFileReference; lastKnownFileType = text.plist.xml; path = Info.plist; sourceTree = "<group>"; };
		1A1D2B31289EA235000149CC /* LeagueListView.swift */ = {isa = PBXFileReference; lastKnownFileType = sourcecode.swift; path = LeagueListView.swift; sourceTree = "<group>"; };
		1A44FB452C062E7700813271 /* SharedViewModelStoreOwner.swift */ = {isa = PBXFileReference; lastKnownFileType = sourcecode.swift; path = SharedViewModelStoreOwner.swift; sourceTree = "<group>"; };
		1A45B23725CB3BBE00A8C613 /* PlayerListView.swift */ = {isa = PBXFileReference; lastKnownFileType = sourcecode.swift; path = PlayerListView.swift; sourceTree = "<group>"; };
		1A45B23A25CB3BF100A8C613 /* PlayerDetailsView.swift */ = {isa = PBXFileReference; lastKnownFileType = sourcecode.swift; path = PlayerDetailsView.swift; sourceTree = "<group>"; };
		1A45B23E25CB3C9C00A8C613 /* FixtureListView.swift */ = {isa = PBXFileReference; lastKnownFileType = sourcecode.swift; path = FixtureListView.swift; sourceTree = "<group>"; };
		1AA7EE3D25D809D000B4DECB /* FixtureDetailView.swift */ = {isa = PBXFileReference; lastKnownFileType = sourcecode.swift; path = FixtureDetailView.swift; sourceTree = "<group>"; };
		1AD9A1242AA355F500B14FE3 /* SettingsView.swift */ = {isa = PBXFileReference; lastKnownFileType = sourcecode.swift; path = SettingsView.swift; sourceTree = "<group>"; };
/* End PBXFileReference section */

/* Begin PBXFrameworksBuildPhase section */
		1A0F7ADB25C5C96F00EB34CF /* Frameworks */ = {
			isa = PBXFrameworksBuildPhase;
			buildActionMask = 2147483647;
			files = (
				1A7222DD288C0F84004A34A8 /* AsyncAlgorithms in Frameworks */,
				1AD9A1232AA2692800B14FE3 /* CollectionConcurrencyKit in Frameworks */,
			);
			runOnlyForDeploymentPostprocessing = 0;
		};
/* End PBXFrameworksBuildPhase section */

/* Begin PBXGroup section */
		1A0F7AD525C5C96F00EB34CF = {
			isa = PBXGroup;
			children = (
				1A0F7AE025C5C96F00EB34CF /* FantasyPremierLeague */,
				1A0F7ADF25C5C96F00EB34CF /* Products */,
			);
			sourceTree = "<group>";
		};
		1A0F7ADF25C5C96F00EB34CF /* Products */ = {
			isa = PBXGroup;
			children = (
				1A0F7ADE25C5C96F00EB34CF /* FantasyPremierLeague.app */,
			);
			name = Products;
			sourceTree = "<group>";
		};
		1A0F7AE025C5C96F00EB34CF /* FantasyPremierLeague */ = {
			isa = PBXGroup;
			children = (
				1A1D2B30289EA226000149CC /* Leagues */,
				1A45B23625CB3BAA00A8C613 /* Fixtures */,
				1A45B23525CB3BA100A8C613 /* Players */,
				1A0F7AE125C5C96F00EB34CF /* FantasyPremierLeagueApp.swift */,
				1A0F7AE325C5C96F00EB34CF /* ContentView.swift */,
				1A0F7AE525C5C97000EB34CF /* Assets.xcassets */,
				1A0F7AEA25C5C97000EB34CF /* Info.plist */,
				1A0F7AE725C5C97000EB34CF /* Preview Content */,
				1AD9A1242AA355F500B14FE3 /* SettingsView.swift */,
				1A44FB452C062E7700813271 /* SharedViewModelStoreOwner.swift */,
			);
			path = FantasyPremierLeague;
			sourceTree = "<group>";
		};
		1A0F7AE725C5C97000EB34CF /* Preview Content */ = {
			isa = PBXGroup;
			children = (
				1A0F7AE825C5C97000EB34CF /* Preview Assets.xcassets */,
			);
			path = "Preview Content";
			sourceTree = "<group>";
		};
		1A1D2B30289EA226000149CC /* Leagues */ = {
			isa = PBXGroup;
			children = (
				1A1D2B31289EA235000149CC /* LeagueListView.swift */,
			);
			path = Leagues;
			sourceTree = "<group>";
		};
		1A45B23525CB3BA100A8C613 /* Players */ = {
			isa = PBXGroup;
			children = (
				1A45B23725CB3BBE00A8C613 /* PlayerListView.swift */,
				1A45B23A25CB3BF100A8C613 /* PlayerDetailsView.swift */,
			);
			path = Players;
			sourceTree = "<group>";
		};
		1A45B23625CB3BAA00A8C613 /* Fixtures */ = {
			isa = PBXGroup;
			children = (
				1A45B23E25CB3C9C00A8C613 /* FixtureListView.swift */,
				1AA7EE3D25D809D000B4DECB /* FixtureDetailView.swift */,
			);
			path = Fixtures;
			sourceTree = "<group>";
		};
/* End PBXGroup section */

/* Begin PBXNativeTarget section */
		1A0F7ADD25C5C96F00EB34CF /* FantasyPremierLeague */ = {
			isa = PBXNativeTarget;
			buildConfigurationList = 1A0F7AED25C5C97000EB34CF /* Build configuration list for PBXNativeTarget "FantasyPremierLeague" */;
			buildPhases = (
				1AE9AE7B2A2935FC00F439E1 /* ShellScript */,
				1A0F7ADA25C5C96F00EB34CF /* Sources */,
				1A0F7ADB25C5C96F00EB34CF /* Frameworks */,
				1A0F7ADC25C5C96F00EB34CF /* Resources */,
			);
			buildRules = (
			);
			dependencies = (
			);
			name = FantasyPremierLeague;
			packageProductDependencies = (
				1A7222DC288C0F84004A34A8 /* AsyncAlgorithms */,
				1AD9A1222AA2692800B14FE3 /* CollectionConcurrencyKit */,
			);
			productName = FantasyPremierLeague;
			productReference = 1A0F7ADE25C5C96F00EB34CF /* FantasyPremierLeague.app */;
			productType = "com.apple.product-type.application";
		};
/* End PBXNativeTarget section */

/* Begin PBXProject section */
		1A0F7AD625C5C96F00EB34CF /* Project object */ = {
			isa = PBXProject;
			attributes = {
				LastSwiftUpdateCheck = 1230;
				LastUpgradeCheck = 1230;
				TargetAttributes = {
					1A0F7ADD25C5C96F00EB34CF = {
						CreatedOnToolsVersion = 12.3;
					};
				};
			};
			buildConfigurationList = 1A0F7AD925C5C96F00EB34CF /* Build configuration list for PBXProject "FantasyPremierLeague" */;
			compatibilityVersion = "Xcode 9.3";
			developmentRegion = en;
			hasScannedForEncodings = 0;
			knownRegions = (
				en,
				Base,
			);
			mainGroup = 1A0F7AD525C5C96F00EB34CF;
			packageReferences = (
				1A7222DB288C0F84004A34A8 /* XCRemoteSwiftPackageReference "swift-async-algorithms" */,
				1AD9A1212AA2692800B14FE3 /* XCRemoteSwiftPackageReference "collectionconcurrencykit" */,
			);
			productRefGroup = 1A0F7ADF25C5C96F00EB34CF /* Products */;
			projectDirPath = "";
			projectRoot = "";
			targets = (
				1A0F7ADD25C5C96F00EB34CF /* FantasyPremierLeague */,
			);
		};
/* End PBXProject section */

/* Begin PBXResourcesBuildPhase section */
		1A0F7ADC25C5C96F00EB34CF /* Resources */ = {
			isa = PBXResourcesBuildPhase;
			buildActionMask = 2147483647;
			files = (
				1A0F7AE925C5C97000EB34CF /* Preview Assets.xcassets in Resources */,
				1A0F7AE625C5C97000EB34CF /* Assets.xcassets in Resources */,
			);
			runOnlyForDeploymentPostprocessing = 0;
		};
/* End PBXResourcesBuildPhase section */

/* Begin PBXShellScriptBuildPhase section */
		1AE9AE7B2A2935FC00F439E1 /* ShellScript */ = {
			isa = PBXShellScriptBuildPhase;
			buildActionMask = 2147483647;
			files = (
			);
			inputFileListPaths = (
			);
			inputPaths = (
			);
			outputFileListPaths = (
			);
			outputPaths = (
			);
			runOnlyForDeploymentPostprocessing = 0;
			shellPath = /bin/sh;
			shellScript = "cd \"$SRCROOT/../..\"\n./gradlew :common:embedAndSignAppleFrameworkForXcode  -PXCODE_CONFIGURATION=${CONFIGURATION}\n";
		};
/* End PBXShellScriptBuildPhase section */

/* Begin PBXSourcesBuildPhase section */
		1A0F7ADA25C5C96F00EB34CF /* Sources */ = {
			isa = PBXSourcesBuildPhase;
			buildActionMask = 2147483647;
			files = (
				1A45B23B25CB3BF100A8C613 /* PlayerDetailsView.swift in Sources */,
				1A44FB462C062E7700813271 /* SharedViewModelStoreOwner.swift in Sources */,
				1A1D2B32289EA235000149CC /* LeagueListView.swift in Sources */,
				1A45B23825CB3BBE00A8C613 /* PlayerListView.swift in Sources */,
				1AD9A1252AA355F500B14FE3 /* SettingsView.swift in Sources */,
				1A45B23F25CB3C9C00A8C613 /* FixtureListView.swift in Sources */,
				1A0F7AE425C5C96F00EB34CF /* ContentView.swift in Sources */,
				1A0F7AE225C5C96F00EB34CF /* FantasyPremierLeagueApp.swift in Sources */,
				1AA7EE3E25D809D000B4DECB /* FixtureDetailView.swift in Sources */,
			);
			runOnlyForDeploymentPostprocessing = 0;
		};
/* End PBXSourcesBuildPhase section */

/* Begin XCBuildConfiguration section */
		1A0F7AEB25C5C97000EB34CF /* Debug */ = {
			isa = XCBuildConfiguration;
			buildSettings = {
				ALWAYS_SEARCH_USER_PATHS = NO;
				CLANG_ANALYZER_NONNULL = YES;
				CLANG_ANALYZER_NUMBER_OBJECT_CONVERSION = YES_AGGRESSIVE;
				CLANG_CXX_LANGUAGE_STANDARD = "gnu++14";
				CLANG_CXX_LIBRARY = "libc++";
				CLANG_ENABLE_MODULES = YES;
				CLANG_ENABLE_OBJC_ARC = YES;
				CLANG_ENABLE_OBJC_WEAK = YES;
				CLANG_WARN_BLOCK_CAPTURE_AUTORELEASING = YES;
				CLANG_WARN_BOOL_CONVERSION = YES;
				CLANG_WARN_COMMA = YES;
				CLANG_WARN_CONSTANT_CONVERSION = YES;
				CLANG_WARN_DEPRECATED_OBJC_IMPLEMENTATIONS = YES;
				CLANG_WARN_DIRECT_OBJC_ISA_USAGE = YES_ERROR;
				CLANG_WARN_DOCUMENTATION_COMMENTS = YES;
				CLANG_WARN_EMPTY_BODY = YES;
				CLANG_WARN_ENUM_CONVERSION = YES;
				CLANG_WARN_INFINITE_RECURSION = YES;
				CLANG_WARN_INT_CONVERSION = YES;
				CLANG_WARN_NON_LITERAL_NULL_CONVERSION = YES;
				CLANG_WARN_OBJC_IMPLICIT_RETAIN_SELF = YES;
				CLANG_WARN_OBJC_LITERAL_CONVERSION = YES;
				CLANG_WARN_OBJC_ROOT_CLASS = YES_ERROR;
				CLANG_WARN_QUOTED_INCLUDE_IN_FRAMEWORK_HEADER = YES;
				CLANG_WARN_RANGE_LOOP_ANALYSIS = YES;
				CLANG_WARN_STRICT_PROTOTYPES = YES;
				CLANG_WARN_SUSPICIOUS_MOVE = YES;
				CLANG_WARN_UNGUARDED_AVAILABILITY = YES_AGGRESSIVE;
				CLANG_WARN_UNREACHABLE_CODE = YES;
				CLANG_WARN__DUPLICATE_METHOD_MATCH = YES;
				COPY_PHASE_STRIP = NO;
				DEBUG_INFORMATION_FORMAT = dwarf;
				ENABLE_STRICT_OBJC_MSGSEND = YES;
				ENABLE_TESTABILITY = YES;
				GCC_C_LANGUAGE_STANDARD = gnu11;
				GCC_DYNAMIC_NO_PIC = NO;
				GCC_NO_COMMON_BLOCKS = YES;
				GCC_OPTIMIZATION_LEVEL = 0;
				GCC_PREPROCESSOR_DEFINITIONS = (
					"DEBUG=1",
					"$(inherited)",
				);
				GCC_WARN_64_TO_32_BIT_CONVERSION = YES;
				GCC_WARN_ABOUT_RETURN_TYPE = YES_ERROR;
				GCC_WARN_UNDECLARED_SELECTOR = YES;
				GCC_WARN_UNINITIALIZED_AUTOS = YES_AGGRESSIVE;
				GCC_WARN_UNUSED_FUNCTION = YES;
				GCC_WARN_UNUSED_VARIABLE = YES;
				IPHONEOS_DEPLOYMENT_TARGET = 16.0;
				MTL_ENABLE_DEBUG_INFO = INCLUDE_SOURCE;
				MTL_FAST_MATH = YES;
				ONLY_ACTIVE_ARCH = YES;
				SDKROOT = iphoneos;
				SWIFT_ACTIVE_COMPILATION_CONDITIONS = DEBUG;
				SWIFT_OPTIMIZATION_LEVEL = "-Onone";
			};
			name = Debug;
		};
		1A0F7AEC25C5C97000EB34CF /* Release */ = {
			isa = XCBuildConfiguration;
			buildSettings = {
				ALWAYS_SEARCH_USER_PATHS = NO;
				CLANG_ANALYZER_NONNULL = YES;
				CLANG_ANALYZER_NUMBER_OBJECT_CONVERSION = YES_AGGRESSIVE;
				CLANG_CXX_LANGUAGE_STANDARD = "gnu++14";
				CLANG_CXX_LIBRARY = "libc++";
				CLANG_ENABLE_MODULES = YES;
				CLANG_ENABLE_OBJC_ARC = YES;
				CLANG_ENABLE_OBJC_WEAK = YES;
				CLANG_WARN_BLOCK_CAPTURE_AUTORELEASING = YES;
				CLANG_WARN_BOOL_CONVERSION = YES;
				CLANG_WARN_COMMA = YES;
				CLANG_WARN_CONSTANT_CONVERSION = YES;
				CLANG_WARN_DEPRECATED_OBJC_IMPLEMENTATIONS = YES;
				CLANG_WARN_DIRECT_OBJC_ISA_USAGE = YES_ERROR;
				CLANG_WARN_DOCUMENTATION_COMMENTS = YES;
				CLANG_WARN_EMPTY_BODY = YES;
				CLANG_WARN_ENUM_CONVERSION = YES;
				CLANG_WARN_INFINITE_RECURSION = YES;
				CLANG_WARN_INT_CONVERSION = YES;
				CLANG_WARN_NON_LITERAL_NULL_CONVERSION = YES;
				CLANG_WARN_OBJC_IMPLICIT_RETAIN_SELF = YES;
				CLANG_WARN_OBJC_LITERAL_CONVERSION = YES;
				CLANG_WARN_OBJC_ROOT_CLASS = YES_ERROR;
				CLANG_WARN_QUOTED_INCLUDE_IN_FRAMEWORK_HEADER = YES;
				CLANG_WARN_RANGE_LOOP_ANALYSIS = YES;
				CLANG_WARN_STRICT_PROTOTYPES = YES;
				CLANG_WARN_SUSPICIOUS_MOVE = YES;
				CLANG_WARN_UNGUARDED_AVAILABILITY = YES_AGGRESSIVE;
				CLANG_WARN_UNREACHABLE_CODE = YES;
				CLANG_WARN__DUPLICATE_METHOD_MATCH = YES;
				COPY_PHASE_STRIP = NO;
				DEBUG_INFORMATION_FORMAT = "dwarf-with-dsym";
				ENABLE_NS_ASSERTIONS = NO;
				ENABLE_STRICT_OBJC_MSGSEND = YES;
				GCC_C_LANGUAGE_STANDARD = gnu11;
				GCC_NO_COMMON_BLOCKS = YES;
				GCC_WARN_64_TO_32_BIT_CONVERSION = YES;
				GCC_WARN_ABOUT_RETURN_TYPE = YES_ERROR;
				GCC_WARN_UNDECLARED_SELECTOR = YES;
				GCC_WARN_UNINITIALIZED_AUTOS = YES_AGGRESSIVE;
				GCC_WARN_UNUSED_FUNCTION = YES;
				GCC_WARN_UNUSED_VARIABLE = YES;
				IPHONEOS_DEPLOYMENT_TARGET = 16.0;
				MTL_ENABLE_DEBUG_INFO = NO;
				MTL_FAST_MATH = YES;
				SDKROOT = iphoneos;
				SWIFT_COMPILATION_MODE = wholemodule;
				SWIFT_OPTIMIZATION_LEVEL = "-O";
				VALIDATE_PRODUCT = YES;
			};
			name = Release;
		};
		1A0F7AEE25C5C97000EB34CF /* Debug */ = {
			isa = XCBuildConfiguration;
			buildSettings = {
				ASSETCATALOG_COMPILER_APPICON_NAME = AppIcon;
				ASSETCATALOG_COMPILER_GLOBAL_ACCENT_COLOR_NAME = AccentColor;
				CODE_SIGN_STYLE = Automatic;
				DEVELOPMENT_ASSET_PATHS = "\"FantasyPremierLeague/Preview Content\"";
				DEVELOPMENT_TEAM = NT77748GS8;
				ENABLE_PREVIEWS = YES;
				FRAMEWORK_SEARCH_PATHS = "$(SRCROOT)/../../common/build/xcode-frameworks/$(CONFIGURATION)/$(SDK_NAME)";
				INFOPLIST_FILE = FantasyPremierLeague/Info.plist;
				IPHONEOS_DEPLOYMENT_TARGET = 16.0;
				LD_RUNPATH_SEARCH_PATHS = (
					"$(inherited)",
					"@executable_path/Frameworks",
				);
				OTHER_LDFLAGS = (
					"$(inherited)",
					"-framework",
					FantasyPremierLeagueKit,
				);
				PRODUCT_BUNDLE_IDENTIFIER = dev.johnoreilly.FantasyPremierLeague;
				PRODUCT_NAME = "$(TARGET_NAME)";
				SWIFT_VERSION = 5.0;
				TARGETED_DEVICE_FAMILY = "1,2";
			};
			name = Debug;
		};
		1A0F7AEF25C5C97000EB34CF /* Release */ = {
			isa = XCBuildConfiguration;
			buildSettings = {
				ASSETCATALOG_COMPILER_APPICON_NAME = AppIcon;
				ASSETCATALOG_COMPILER_GLOBAL_ACCENT_COLOR_NAME = AccentColor;
				CODE_SIGN_STYLE = Automatic;
				DEVELOPMENT_ASSET_PATHS = "\"FantasyPremierLeague/Preview Content\"";
				DEVELOPMENT_TEAM = NT77748GS8;
				ENABLE_PREVIEWS = YES;
				FRAMEWORK_SEARCH_PATHS = "$(SRCROOT)/../../common/build/xcode-frameworks/$(CONFIGURATION)/$(SDK_NAME)";
				INFOPLIST_FILE = FantasyPremierLeague/Info.plist;
				IPHONEOS_DEPLOYMENT_TARGET = 16.0;
				LD_RUNPATH_SEARCH_PATHS = (
					"$(inherited)",
					"@executable_path/Frameworks",
				);
				ONLY_ACTIVE_ARCH = YES;
				OTHER_LDFLAGS = (
					"$(inherited)",
					"-framework",
					FantasyPremierLeagueKit,
				);
				PRODUCT_BUNDLE_IDENTIFIER = dev.johnoreilly.FantasyPremierLeague;
				PRODUCT_NAME = "$(TARGET_NAME)";
				SWIFT_VERSION = 5.0;
				TARGETED_DEVICE_FAMILY = "1,2";
			};
			name = Release;
		};
/* End XCBuildConfiguration section */

/* Begin XCConfigurationList section */
		1A0F7AD925C5C96F00EB34CF /* Build configuration list for PBXProject "FantasyPremierLeague" */ = {
			isa = XCConfigurationList;
			buildConfigurations = (
				1A0F7AEB25C5C97000EB34CF /* Debug */,
				1A0F7AEC25C5C97000EB34CF /* Release */,
			);
			defaultConfigurationIsVisible = 0;
			defaultConfigurationName = Release;
		};
		1A0F7AED25C5C97000EB34CF /* Build configuration list for PBXNativeTarget "FantasyPremierLeague" */ = {
			isa = XCConfigurationList;
			buildConfigurations = (
				1A0F7AEE25C5C97000EB34CF /* Debug */,
				1A0F7AEF25C5C97000EB34CF /* Release */,
			);
			defaultConfigurationIsVisible = 0;
			defaultConfigurationName = Release;
		};
/* End XCConfigurationList section */

/* Begin XCRemoteSwiftPackageReference section */
		1A7222DB288C0F84004A34A8 /* XCRemoteSwiftPackageReference "swift-async-algorithms" */ = {
			isa = XCRemoteSwiftPackageReference;
			repositoryURL = "https://github.com/apple/swift-async-algorithms";
			requirement = {
				kind = exactVersion;
				version = 0.0.3;
			};
		};
		1AD9A1212AA2692800B14FE3 /* XCRemoteSwiftPackageReference "collectionconcurrencykit" */ = {
			isa = XCRemoteSwiftPackageReference;
			repositoryURL = "https://github.com/johnsundell/collectionconcurrencykit";
			requirement = {
				kind = upToNextMajorVersion;
				minimumVersion = 0.2.0;
			};
		};
/* End XCRemoteSwiftPackageReference section */

/* Begin XCSwiftPackageProductDependency section */
		1A7222DC288C0F84004A34A8 /* AsyncAlgorithms */ = {
			isa = XCSwiftPackageProductDependency;
			package = 1A7222DB288C0F84004A34A8 /* XCRemoteSwiftPackageReference "swift-async-algorithms" */;
			productName = AsyncAlgorithms;
		};
		1AD9A1222AA2692800B14FE3 /* CollectionConcurrencyKit */ = {
			isa = XCSwiftPackageProductDependency;
			package = 1AD9A1212AA2692800B14FE3 /* XCRemoteSwiftPackageReference "collectionconcurrencykit" */;
			productName = CollectionConcurrencyKit;
		};
/* End XCSwiftPackageProductDependency section */
	};
	rootObject = 1A0F7AD625C5C96F00EB34CF /* Project object */;
}
